// !$*UTF8*$!
{
	archiveVersion = 1;
	classes = {
	};
	objectVersion = 50;
	objects = {

/* Begin PBXBuildFile section */
		1749C50C419514431FC9AB51 /* Pods_DailyTests.framework in Frameworks */ = {isa = PBXBuildFile; fileRef = 5FB41FCB16BDB13D313CDFCC /* Pods_DailyTests.framework */; };
		77DB2AC5A28A1C39CABD3394 /* Pods_Daily.framework in Frameworks */ = {isa = PBXBuildFile; fileRef = 7D0662DBBCCA4201367B5D44 /* Pods_Daily.framework */; };
		F32876BC21CE715E000CB896 /* XSLinkViewController.m in Sources */ = {isa = PBXBuildFile; fileRef = F32876BB21CE715E000CB896 /* XSLinkViewController.m */; };
		F32876C121CE7D9B000CB896 /* XSLinkPresenter.m in Sources */ = {isa = PBXBuildFile; fileRef = F32876C021CE7D9B000CB896 /* XSLinkPresenter.m */; };
		F34A350821CD015800CE8F64 /* AppDelegate.m in Sources */ = {isa = PBXBuildFile; fileRef = F34A350721CD015800CE8F64 /* AppDelegate.m */; };
		F34A350B21CD015800CE8F64 /* ViewController.m in Sources */ = {isa = PBXBuildFile; fileRef = F34A350A21CD015800CE8F64 /* ViewController.m */; };
		F34A351021CD015A00CE8F64 /* Assets.xcassets in Resources */ = {isa = PBXBuildFile; fileRef = F34A350F21CD015A00CE8F64 /* Assets.xcassets */; };
		F34A351321CD015A00CE8F64 /* LaunchScreen.storyboard in Resources */ = {isa = PBXBuildFile; fileRef = F34A351121CD015A00CE8F64 /* LaunchScreen.storyboard */; };
		F34A351621CD015A00CE8F64 /* main.m in Sources */ = {isa = PBXBuildFile; fileRef = F34A351521CD015A00CE8F64 /* main.m */; };
		F34A352021CD015A00CE8F64 /* DailyTests.m in Sources */ = {isa = PBXBuildFile; fileRef = F34A351F21CD015A00CE8F64 /* DailyTests.m */; };
		F378674221DB1A1D000571F8 /* XSLink.xcassets in Resources */ = {isa = PBXBuildFile; fileRef = F378674121DB1A1D000571F8 /* XSLink.xcassets */; };
		F3DD842A21D8CBC7002234C9 /* XSLinkCollectionViewCell.m in Sources */ = {isa = PBXBuildFile; fileRef = F3DD842921D8CBC7002234C9 /* XSLinkCollectionViewCell.m */; };
/* End PBXBuildFile section */

/* Begin PBXContainerItemProxy section */
		F34A351C21CD015A00CE8F64 /* PBXContainerItemProxy */ = {
			isa = PBXContainerItemProxy;
			containerPortal = F34A34FB21CD015800CE8F64 /* Project object */;
			proxyType = 1;
			remoteGlobalIDString = F34A350221CD015800CE8F64;
			remoteInfo = Daily;
		};
/* End PBXContainerItemProxy section */

/* Begin PBXFileReference section */
		53153782C7C965C56A03BE1B /* Pods-Daily.release.xcconfig */ = {isa = PBXFileReference; includeInIndex = 1; lastKnownFileType = text.xcconfig; name = "Pods-Daily.release.xcconfig"; path = "Pods/Target Support Files/Pods-Daily/Pods-Daily.release.xcconfig"; sourceTree = "<group>"; };
		5FB41FCB16BDB13D313CDFCC /* Pods_DailyTests.framework */ = {isa = PBXFileReference; explicitFileType = wrapper.framework; includeInIndex = 0; path = Pods_DailyTests.framework; sourceTree = BUILT_PRODUCTS_DIR; };
		6C7D11336C62D9D1D1460740 /* Pods-DailyTests.release.xcconfig */ = {isa = PBXFileReference; includeInIndex = 1; lastKnownFileType = text.xcconfig; name = "Pods-DailyTests.release.xcconfig"; path = "Pods/Target Support Files/Pods-DailyTests/Pods-DailyTests.release.xcconfig"; sourceTree = "<group>"; };
		7D0662DBBCCA4201367B5D44 /* Pods_Daily.framework */ = {isa = PBXFileReference; explicitFileType = wrapper.framework; includeInIndex = 0; path = Pods_Daily.framework; sourceTree = BUILT_PRODUCTS_DIR; };
		8C9B28A4A5AA8B4EB1EA7C37 /* Pods-DailyTests.debug.xcconfig */ = {isa = PBXFileReference; includeInIndex = 1; lastKnownFileType = text.xcconfig; name = "Pods-DailyTests.debug.xcconfig"; path = "Pods/Target Support Files/Pods-DailyTests/Pods-DailyTests.debug.xcconfig"; sourceTree = "<group>"; };
		923EBD6FA733FF956FDFCB46 /* Pods-Daily.debug.xcconfig */ = {isa = PBXFileReference; includeInIndex = 1; lastKnownFileType = text.xcconfig; name = "Pods-Daily.debug.xcconfig"; path = "Pods/Target Support Files/Pods-Daily/Pods-Daily.debug.xcconfig"; sourceTree = "<group>"; };
		F32876BA21CE715E000CB896 /* XSLinkViewController.h */ = {isa = PBXFileReference; lastKnownFileType = sourcecode.c.h; path = XSLinkViewController.h; sourceTree = "<group>"; };
		F32876BB21CE715E000CB896 /* XSLinkViewController.m */ = {isa = PBXFileReference; lastKnownFileType = sourcecode.c.objc; path = XSLinkViewController.m; sourceTree = "<group>"; };
		F32876BF21CE7D9B000CB896 /* XSLinkPresenter.h */ = {isa = PBXFileReference; lastKnownFileType = sourcecode.c.h; path = XSLinkPresenter.h; sourceTree = "<group>"; };
		F32876C021CE7D9B000CB896 /* XSLinkPresenter.m */ = {isa = PBXFileReference; lastKnownFileType = sourcecode.c.objc; path = XSLinkPresenter.m; sourceTree = "<group>"; };
		F34A350321CD015800CE8F64 /* Daily.app */ = {isa = PBXFileReference; explicitFileType = wrapper.application; includeInIndex = 0; path = Daily.app; sourceTree = BUILT_PRODUCTS_DIR; };
		F34A350621CD015800CE8F64 /* AppDelegate.h */ = {isa = PBXFileReference; lastKnownFileType = sourcecode.c.h; path = AppDelegate.h; sourceTree = "<group>"; };
		F34A350721CD015800CE8F64 /* AppDelegate.m */ = {isa = PBXFileReference; lastKnownFileType = sourcecode.c.objc; path = AppDelegate.m; sourceTree = "<group>"; };
		F34A350921CD015800CE8F64 /* ViewController.h */ = {isa = PBXFileReference; lastKnownFileType = sourcecode.c.h; path = ViewController.h; sourceTree = "<group>"; };
		F34A350A21CD015800CE8F64 /* ViewController.m */ = {isa = PBXFileReference; lastKnownFileType = sourcecode.c.objc; path = ViewController.m; sourceTree = "<group>"; };
		F34A350F21CD015A00CE8F64 /* Assets.xcassets */ = {isa = PBXFileReference; lastKnownFileType = folder.assetcatalog; path = Assets.xcassets; sourceTree = "<group>"; };
		F34A351221CD015A00CE8F64 /* Base */ = {isa = PBXFileReference; lastKnownFileType = file.storyboard; name = Base; path = Base.lproj/LaunchScreen.storyboard; sourceTree = "<group>"; };
		F34A351421CD015A00CE8F64 /* Info.plist */ = {isa = PBXFileReference; lastKnownFileType = text.plist.xml; path = Info.plist; sourceTree = "<group>"; };
		F34A351521CD015A00CE8F64 /* main.m */ = {isa = PBXFileReference; lastKnownFileType = sourcecode.c.objc; path = main.m; sourceTree = "<group>"; };
		F34A351B21CD015A00CE8F64 /* DailyTests.xctest */ = {isa = PBXFileReference; explicitFileType = wrapper.cfbundle; includeInIndex = 0; path = DailyTests.xctest; sourceTree = BUILT_PRODUCTS_DIR; };
		F34A351F21CD015A00CE8F64 /* DailyTests.m */ = {isa = PBXFileReference; lastKnownFileType = sourcecode.c.objc; path = DailyTests.m; sourceTree = "<group>"; };
		F34A352121CD015A00CE8F64 /* Info.plist */ = {isa = PBXFileReference; lastKnownFileType = text.plist.xml; path = Info.plist; sourceTree = "<group>"; };
		F378674121DB1A1D000571F8 /* XSLink.xcassets */ = {isa = PBXFileReference; lastKnownFileType = folder.assetcatalog; path = XSLink.xcassets; sourceTree = "<group>"; };
		F3DD842821D8CBC7002234C9 /* XSLinkCollectionViewCell.h */ = {isa = PBXFileReference; lastKnownFileType = sourcecode.c.h; path = XSLinkCollectionViewCell.h; sourceTree = "<group>"; };
		F3DD842921D8CBC7002234C9 /* XSLinkCollectionViewCell.m */ = {isa = PBXFileReference; lastKnownFileType = sourcecode.c.objc; path = XSLinkCollectionViewCell.m; sourceTree = "<group>"; };
/* End PBXFileReference section */

/* Begin PBXFrameworksBuildPhase section */
		F34A350021CD015800CE8F64 /* Frameworks */ = {
			isa = PBXFrameworksBuildPhase;
			buildActionMask = 2147483647;
			files = (
				77DB2AC5A28A1C39CABD3394 /* Pods_Daily.framework in Frameworks */,
			);
			runOnlyForDeploymentPostprocessing = 0;
		};
		F34A351821CD015A00CE8F64 /* Frameworks */ = {
			isa = PBXFrameworksBuildPhase;
			buildActionMask = 2147483647;
			files = (
				1749C50C419514431FC9AB51 /* Pods_DailyTests.framework in Frameworks */,
			);
			runOnlyForDeploymentPostprocessing = 0;
		};
/* End PBXFrameworksBuildPhase section */

/* Begin PBXGroup section */
		16960DF84B5D88414C95CAD9 /* Frameworks */ = {
			isa = PBXGroup;
			children = (
				7D0662DBBCCA4201367B5D44 /* Pods_Daily.framework */,
				5FB41FCB16BDB13D313CDFCC /* Pods_DailyTests.framework */,
			);
			name = Frameworks;
			sourceTree = "<group>";
		};
		F32876B921CE7132000CB896 /* Link */ = {
			isa = PBXGroup;
			children = (
				F378674021DB19FC000571F8 /* Resource */,
				F32876BE21CE7D7D000CB896 /* Presenter */,
				F32876BD21CE7D76000CB896 /* View */,
			);
			path = Link;
			sourceTree = "<group>";
		};
		F32876BD21CE7D76000CB896 /* View */ = {
			isa = PBXGroup;
			children = (
				F32876BA21CE715E000CB896 /* XSLinkViewController.h */,
				F32876BB21CE715E000CB896 /* XSLinkViewController.m */,
				F3DD842821D8CBC7002234C9 /* XSLinkCollectionViewCell.h */,
				F3DD842921D8CBC7002234C9 /* XSLinkCollectionViewCell.m */,
			);
			path = View;
			sourceTree = "<group>";
		};
		F32876BE21CE7D7D000CB896 /* Presenter */ = {
			isa = PBXGroup;
			children = (
				F32876BF21CE7D9B000CB896 /* XSLinkPresenter.h */,
				F32876C021CE7D9B000CB896 /* XSLinkPresenter.m */,
			);
			path = Presenter;
			sourceTree = "<group>";
		};
		F34A34FA21CD015800CE8F64 = {
			isa = PBXGroup;
			children = (
				F34A350521CD015800CE8F64 /* Daily */,
				F34A351E21CD015A00CE8F64 /* DailyTests */,
				F34A350421CD015800CE8F64 /* Products */,
				F7301A64E66312F25518F8FB /* Pods */,
				16960DF84B5D88414C95CAD9 /* Frameworks */,
			);
			sourceTree = "<group>";
		};
		F34A350421CD015800CE8F64 /* Products */ = {
			isa = PBXGroup;
			children = (
				F34A350321CD015800CE8F64 /* Daily.app */,
				F34A351B21CD015A00CE8F64 /* DailyTests.xctest */,
			);
			name = Products;
			sourceTree = "<group>";
		};
		F34A350521CD015800CE8F64 /* Daily */ = {
			isa = PBXGroup;
			children = (
				F32876B921CE7132000CB896 /* Link */,
				F34A350621CD015800CE8F64 /* AppDelegate.h */,
				F34A350721CD015800CE8F64 /* AppDelegate.m */,
				F34A350921CD015800CE8F64 /* ViewController.h */,
				F34A350A21CD015800CE8F64 /* ViewController.m */,
				F34A350F21CD015A00CE8F64 /* Assets.xcassets */,
				F34A351121CD015A00CE8F64 /* LaunchScreen.storyboard */,
				F34A351421CD015A00CE8F64 /* Info.plist */,
				F34A351521CD015A00CE8F64 /* main.m */,
			);
			path = Daily;
			sourceTree = "<group>";
		};
		F34A351E21CD015A00CE8F64 /* DailyTests */ = {
			isa = PBXGroup;
			children = (
				F34A351F21CD015A00CE8F64 /* DailyTests.m */,
				F34A352121CD015A00CE8F64 /* Info.plist */,
			);
			path = DailyTests;
			sourceTree = "<group>";
		};
		F378674021DB19FC000571F8 /* Resource */ = {
			isa = PBXGroup;
			children = (
				F378674121DB1A1D000571F8 /* XSLink.xcassets */,
			);
			path = Resource;
			sourceTree = "<group>";
		};
		F7301A64E66312F25518F8FB /* Pods */ = {
			isa = PBXGroup;
			children = (
				923EBD6FA733FF956FDFCB46 /* Pods-Daily.debug.xcconfig */,
				53153782C7C965C56A03BE1B /* Pods-Daily.release.xcconfig */,
				8C9B28A4A5AA8B4EB1EA7C37 /* Pods-DailyTests.debug.xcconfig */,
				6C7D11336C62D9D1D1460740 /* Pods-DailyTests.release.xcconfig */,
			);
			name = Pods;
			sourceTree = "<group>";
		};
/* End PBXGroup section */

/* Begin PBXNativeTarget section */
		F34A350221CD015800CE8F64 /* Daily */ = {
			isa = PBXNativeTarget;
			buildConfigurationList = F34A352421CD015A00CE8F64 /* Build configuration list for PBXNativeTarget "Daily" */;
			buildPhases = (
				9F7CF55E02403F26BD6C90EF /* [CP] Check Pods Manifest.lock */,
				F34A34FF21CD015800CE8F64 /* Sources */,
				F34A350021CD015800CE8F64 /* Frameworks */,
				F34A350121CD015800CE8F64 /* Resources */,
				B64580DBF9061BB1A479D369 /* [CP] Embed Pods Frameworks */,
				92D98DE03AAD122DBF77AC14 /* [CP] Copy Pods Resources */,
			);
			buildRules = (
			);
			dependencies = (
			);
			name = Daily;
			productName = Daily;
			productReference = F34A350321CD015800CE8F64 /* Daily.app */;
			productType = "com.apple.product-type.application";
		};
		F34A351A21CD015A00CE8F64 /* DailyTests */ = {
			isa = PBXNativeTarget;
			buildConfigurationList = F34A352721CD015A00CE8F64 /* Build configuration list for PBXNativeTarget "DailyTests" */;
			buildPhases = (
				D8F616F1B6D8ED17A25922F0 /* [CP] Check Pods Manifest.lock */,
				F34A351721CD015A00CE8F64 /* Sources */,
				F34A351821CD015A00CE8F64 /* Frameworks */,
				F34A351921CD015A00CE8F64 /* Resources */,
				D89DBA59A03D061D8FD566A1 /* [CP] Embed Pods Frameworks */,
				3A1D1CD8C0795955DD202617 /* [CP] Copy Pods Resources */,
			);
			buildRules = (
			);
			dependencies = (
				F34A351D21CD015A00CE8F64 /* PBXTargetDependency */,
			);
			name = DailyTests;
			productName = DailyTests;
			productReference = F34A351B21CD015A00CE8F64 /* DailyTests.xctest */;
			productType = "com.apple.product-type.bundle.unit-test";
		};
/* End PBXNativeTarget section */

/* Begin PBXProject section */
		F34A34FB21CD015800CE8F64 /* Project object */ = {
			isa = PBXProject;
			attributes = {
				LastUpgradeCheck = 0940;
				ORGANIZATIONNAME = xingshao;
				TargetAttributes = {
					F34A350221CD015800CE8F64 = {
						CreatedOnToolsVersion = 9.4.1;
					};
					F34A351A21CD015A00CE8F64 = {
						CreatedOnToolsVersion = 9.4.1;
						TestTargetID = F34A350221CD015800CE8F64;
					};
				};
			};
			buildConfigurationList = F34A34FE21CD015800CE8F64 /* Build configuration list for PBXProject "Daily" */;
			compatibilityVersion = "Xcode 9.3";
			developmentRegion = en;
			hasScannedForEncodings = 0;
			knownRegions = (
				en,
				Base,
			);
			mainGroup = F34A34FA21CD015800CE8F64;
			productRefGroup = F34A350421CD015800CE8F64 /* Products */;
			projectDirPath = "";
			projectRoot = "";
			targets = (
				F34A350221CD015800CE8F64 /* Daily */,
				F34A351A21CD015A00CE8F64 /* DailyTests */,
			);
		};
/* End PBXProject section */

/* Begin PBXResourcesBuildPhase section */
		F34A350121CD015800CE8F64 /* Resources */ = {
			isa = PBXResourcesBuildPhase;
			buildActionMask = 2147483647;
			files = (
				F378674221DB1A1D000571F8 /* XSLink.xcassets in Resources */,
				F34A351321CD015A00CE8F64 /* LaunchScreen.storyboard in Resources */,
				F34A351021CD015A00CE8F64 /* Assets.xcassets in Resources */,
			);
			runOnlyForDeploymentPostprocessing = 0;
		};
		F34A351921CD015A00CE8F64 /* Resources */ = {
			isa = PBXResourcesBuildPhase;
			buildActionMask = 2147483647;
			files = (
			);
			runOnlyForDeploymentPostprocessing = 0;
		};
/* End PBXResourcesBuildPhase section */

/* Begin PBXShellScriptBuildPhase section */
		3A1D1CD8C0795955DD202617 /* [CP] Copy Pods Resources */ = {
			isa = PBXShellScriptBuildPhase;
			buildActionMask = 2147483647;
			files = (
			);
			inputPaths = (
			);
			name = "[CP] Copy Pods Resources";
			outputPaths = (
			);
			runOnlyForDeploymentPostprocessing = 0;
			shellPath = /bin/sh;
			shellScript = "\"${SRCROOT}/Pods/Target Support Files/Pods-DailyTests/Pods-DailyTests-resources.sh\"\n";
			showEnvVarsInLog = 0;
		};
		92D98DE03AAD122DBF77AC14 /* [CP] Copy Pods Resources */ = {
			isa = PBXShellScriptBuildPhase;
			buildActionMask = 2147483647;
			files = (
			);
			inputPaths = (
			);
			name = "[CP] Copy Pods Resources";
			outputPaths = (
			);
			runOnlyForDeploymentPostprocessing = 0;
			shellPath = /bin/sh;
			shellScript = "\"${SRCROOT}/Pods/Target Support Files/Pods-Daily/Pods-Daily-resources.sh\"\n";
			showEnvVarsInLog = 0;
		};
		9F7CF55E02403F26BD6C90EF /* [CP] Check Pods Manifest.lock */ = {
			isa = PBXShellScriptBuildPhase;
			buildActionMask = 2147483647;
			files = (
			);
			inputPaths = (
				"${PODS_PODFILE_DIR_PATH}/Podfile.lock",
				"${PODS_ROOT}/Manifest.lock",
			);
			name = "[CP] Check Pods Manifest.lock";
			outputPaths = (
				"$(DERIVED_FILE_DIR)/Pods-Daily-checkManifestLockResult.txt",
			);
			runOnlyForDeploymentPostprocessing = 0;
			shellPath = /bin/sh;
			shellScript = "diff \"${PODS_PODFILE_DIR_PATH}/Podfile.lock\" \"${PODS_ROOT}/Manifest.lock\" > /dev/null\nif [ $? != 0 ] ; then\n    # print error to STDERR\n    echo \"error: The sandbox is not in sync with the Podfile.lock. Run 'pod install' or update your CocoaPods installation.\" >&2\n    exit 1\nfi\n# This output is used by Xcode 'outputs' to avoid re-running this script phase.\necho \"SUCCESS\" > \"${SCRIPT_OUTPUT_FILE_0}\"\n";
			showEnvVarsInLog = 0;
		};
		B64580DBF9061BB1A479D369 /* [CP] Embed Pods Frameworks */ = {
			isa = PBXShellScriptBuildPhase;
			buildActionMask = 2147483647;
			files = (
			);
			inputPaths = (
				"${SRCROOT}/Pods/Target Support Files/Pods-Daily/Pods-Daily-frameworks.sh",
				"${BUILT_PRODUCTS_DIR}/Masonry/Masonry.framework",
			);
			name = "[CP] Embed Pods Frameworks";
			outputPaths = (
				"${TARGET_BUILD_DIR}/${FRAMEWORKS_FOLDER_PATH}/Masonry.framework",
			);
			runOnlyForDeploymentPostprocessing = 0;
			shellPath = /bin/sh;
			shellScript = "\"${SRCROOT}/Pods/Target Support Files/Pods-Daily/Pods-Daily-frameworks.sh\"\n";
			showEnvVarsInLog = 0;
		};
		D89DBA59A03D061D8FD566A1 /* [CP] Embed Pods Frameworks */ = {
			isa = PBXShellScriptBuildPhase;
			buildActionMask = 2147483647;
			files = (
			);
			inputPaths = (
			);
			name = "[CP] Embed Pods Frameworks";
			outputPaths = (
			);
			runOnlyForDeploymentPostprocessing = 0;
			shellPath = /bin/sh;
			shellScript = "\"${SRCROOT}/Pods/Target Support Files/Pods-DailyTests/Pods-DailyTests-frameworks.sh\"\n";
			showEnvVarsInLog = 0;
		};
		D8F616F1B6D8ED17A25922F0 /* [CP] Check Pods Manifest.lock */ = {
			isa = PBXShellScriptBuildPhase;
			buildActionMask = 2147483647;
			files = (
			);
			inputPaths = (
				"${PODS_PODFILE_DIR_PATH}/Podfile.lock",
				"${PODS_ROOT}/Manifest.lock",
			);
			name = "[CP] Check Pods Manifest.lock";
			outputPaths = (
				"$(DERIVED_FILE_DIR)/Pods-DailyTests-checkManifestLockResult.txt",
			);
			runOnlyForDeploymentPostprocessing = 0;
			shellPath = /bin/sh;
			shellScript = "diff \"${PODS_PODFILE_DIR_PATH}/Podfile.lock\" \"${PODS_ROOT}/Manifest.lock\" > /dev/null\nif [ $? != 0 ] ; then\n    # print error to STDERR\n    echo \"error: The sandbox is not in sync with the Podfile.lock. Run 'pod install' or update your CocoaPods installation.\" >&2\n    exit 1\nfi\n# This output is used by Xcode 'outputs' to avoid re-running this script phase.\necho \"SUCCESS\" > \"${SCRIPT_OUTPUT_FILE_0}\"\n";
			showEnvVarsInLog = 0;
		};
/* End PBXShellScriptBuildPhase section */

/* Begin PBXSourcesBuildPhase section */
		F34A34FF21CD015800CE8F64 /* Sources */ = {
			isa = PBXSourcesBuildPhase;
			buildActionMask = 2147483647;
			files = (
				F34A350B21CD015800CE8F64 /* ViewController.m in Sources */,
				F32876BC21CE715E000CB896 /* XSLinkViewController.m in Sources */,
				F34A351621CD015A00CE8F64 /* main.m in Sources */,
				F32876C121CE7D9B000CB896 /* XSLinkPresenter.m in Sources */,
				F34A350821CD015800CE8F64 /* AppDelegate.m in Sources */,
				F3DD842A21D8CBC7002234C9 /* XSLinkCollectionViewCell.m in Sources */,
			);
			runOnlyForDeploymentPostprocessing = 0;
		};
		F34A351721CD015A00CE8F64 /* Sources */ = {
			isa = PBXSourcesBuildPhase;
			buildActionMask = 2147483647;
			files = (
				F34A352021CD015A00CE8F64 /* DailyTests.m in Sources */,
			);
			runOnlyForDeploymentPostprocessing = 0;
		};
/* End PBXSourcesBuildPhase section */

/* Begin PBXTargetDependency section */
		F34A351D21CD015A00CE8F64 /* PBXTargetDependency */ = {
			isa = PBXTargetDependency;
			target = F34A350221CD015800CE8F64 /* Daily */;
			targetProxy = F34A351C21CD015A00CE8F64 /* PBXContainerItemProxy */;
		};
/* End PBXTargetDependency section */

/* Begin PBXVariantGroup section */
		F34A351121CD015A00CE8F64 /* LaunchScreen.storyboard */ = {
			isa = PBXVariantGroup;
			children = (
				F34A351221CD015A00CE8F64 /* Base */,
			);
			name = LaunchScreen.storyboard;
			sourceTree = "<group>";
		};
/* End PBXVariantGroup section */

/* Begin XCBuildConfiguration section */
		F34A352221CD015A00CE8F64 /* Debug */ = {
			isa = XCBuildConfiguration;
			buildSettings = {
				ALWAYS_SEARCH_USER_PATHS = NO;
				CLANG_ANALYZER_NONNULL = YES;
				CLANG_ANALYZER_NUMBER_OBJECT_CONVERSION = YES_AGGRESSIVE;
				CLANG_CXX_LANGUAGE_STANDARD = "gnu++14";
				CLANG_CXX_LIBRARY = "libc++";
				CLANG_ENABLE_MODULES = YES;
				CLANG_ENABLE_OBJC_ARC = YES;
				CLANG_ENABLE_OBJC_WEAK = YES;
				CLANG_WARN_BLOCK_CAPTURE_AUTORELEASING = YES;
				CLANG_WARN_BOOL_CONVERSION = YES;
				CLANG_WARN_COMMA = YES;
				CLANG_WARN_CONSTANT_CONVERSION = YES;
				CLANG_WARN_DEPRECATED_OBJC_IMPLEMENTATIONS = YES;
				CLANG_WARN_DIRECT_OBJC_ISA_USAGE = YES_ERROR;
				CLANG_WARN_DOCUMENTATION_COMMENTS = YES;
				CLANG_WARN_EMPTY_BODY = YES;
				CLANG_WARN_ENUM_CONVERSION = YES;
				CLANG_WARN_INFINITE_RECURSION = YES;
				CLANG_WARN_INT_CONVERSION = YES;
				CLANG_WARN_NON_LITERAL_NULL_CONVERSION = YES;
				CLANG_WARN_OBJC_IMPLICIT_RETAIN_SELF = YES;
				CLANG_WARN_OBJC_LITERAL_CONVERSION = YES;
				CLANG_WARN_OBJC_ROOT_CLASS = YES_ERROR;
				CLANG_WARN_RANGE_LOOP_ANALYSIS = YES;
				CLANG_WARN_STRICT_PROTOTYPES = YES;
				CLANG_WARN_SUSPICIOUS_MOVE = YES;
				CLANG_WARN_UNGUARDED_AVAILABILITY = YES_AGGRESSIVE;
				CLANG_WARN_UNREACHABLE_CODE = YES;
				CLANG_WARN__DUPLICATE_METHOD_MATCH = YES;
				CODE_SIGN_IDENTITY = "iPhone Developer";
				COPY_PHASE_STRIP = NO;
				DEBUG_INFORMATION_FORMAT = dwarf;
				ENABLE_STRICT_OBJC_MSGSEND = YES;
				ENABLE_TESTABILITY = YES;
				GCC_C_LANGUAGE_STANDARD = gnu11;
				GCC_DYNAMIC_NO_PIC = NO;
				GCC_NO_COMMON_BLOCKS = YES;
				GCC_OPTIMIZATION_LEVEL = 0;
				GCC_PREPROCESSOR_DEFINITIONS = (
					"DEBUG=1",
					"$(inherited)",
				);
				GCC_WARN_64_TO_32_BIT_CONVERSION = YES;
				GCC_WARN_ABOUT_RETURN_TYPE = YES_ERROR;
				GCC_WARN_UNDECLARED_SELECTOR = YES;
				GCC_WARN_UNINITIALIZED_AUTOS = YES_AGGRESSIVE;
				GCC_WARN_UNUSED_FUNCTION = YES;
				GCC_WARN_UNUSED_VARIABLE = YES;
				IPHONEOS_DEPLOYMENT_TARGET = 11.4;
				MTL_ENABLE_DEBUG_INFO = YES;
				ONLY_ACTIVE_ARCH = YES;
				SDKROOT = iphoneos;
			};
			name = Debug;
		};
		F34A352321CD015A00CE8F64 /* Release */ = {
			isa = XCBuildConfiguration;
			buildSettings = {
				ALWAYS_SEARCH_USER_PATHS = NO;
				CLANG_ANALYZER_NONNULL = YES;
				CLANG_ANALYZER_NUMBER_OBJECT_CONVERSION = YES_AGGRESSIVE;
				CLANG_CXX_LANGUAGE_STANDARD = "gnu++14";
				CLANG_CXX_LIBRARY = "libc++";
				CLANG_ENABLE_MODULES = YES;
				CLANG_ENABLE_OBJC_ARC = YES;
				CLANG_ENABLE_OBJC_WEAK = YES;
				CLANG_WARN_BLOCK_CAPTURE_AUTORELEASING = YES;
				CLANG_WARN_BOOL_CONVERSION = YES;
				CLANG_WARN_COMMA = YES;
				CLANG_WARN_CONSTANT_CONVERSION = YES;
				CLANG_WARN_DEPRECATED_OBJC_IMPLEMENTATIONS = YES;
				CLANG_WARN_DIRECT_OBJC_ISA_USAGE = YES_ERROR;
				CLANG_WARN_DOCUMENTATION_COMMENTS = YES;
				CLANG_WARN_EMPTY_BODY = YES;
				CLANG_WARN_ENUM_CONVERSION = YES;
				CLANG_WARN_INFINITE_RECURSION = YES;
				CLANG_WARN_INT_CONVERSION = YES;
				CLANG_WARN_NON_LITERAL_NULL_CONVERSION = YES;
				CLANG_WARN_OBJC_IMPLICIT_RETAIN_SELF = YES;
				CLANG_WARN_OBJC_LITERAL_CONVERSION = YES;
				CLANG_WARN_OBJC_ROOT_CLASS = YES_ERROR;
				CLANG_WARN_RANGE_LOOP_ANALYSIS = YES;
				CLANG_WARN_STRICT_PROTOTYPES = YES;
				CLANG_WARN_SUSPICIOUS_MOVE = YES;
				CLANG_WARN_UNGUARDED_AVAILABILITY = YES_AGGRESSIVE;
				CLANG_WARN_UNREACHABLE_CODE = YES;
				CLANG_WARN__DUPLICATE_METHOD_MATCH = YES;
				CODE_SIGN_IDENTITY = "iPhone Developer";
				COPY_PHASE_STRIP = NO;
				DEBUG_INFORMATION_FORMAT = "dwarf-with-dsym";
				ENABLE_NS_ASSERTIONS = NO;
				ENABLE_STRICT_OBJC_MSGSEND = YES;
				GCC_C_LANGUAGE_STANDARD = gnu11;
				GCC_NO_COMMON_BLOCKS = YES;
				GCC_WARN_64_TO_32_BIT_CONVERSION = YES;
				GCC_WARN_ABOUT_RETURN_TYPE = YES_ERROR;
				GCC_WARN_UNDECLARED_SELECTOR = YES;
				GCC_WARN_UNINITIALIZED_AUTOS = YES_AGGRESSIVE;
				GCC_WARN_UNUSED_FUNCTION = YES;
				GCC_WARN_UNUSED_VARIABLE = YES;
				IPHONEOS_DEPLOYMENT_TARGET = 11.4;
				MTL_ENABLE_DEBUG_INFO = NO;
				SDKROOT = iphoneos;
				VALIDATE_PRODUCT = YES;
			};
			name = Release;
		};
		F34A352521CD015A00CE8F64 /* Debug */ = {
			isa = XCBuildConfiguration;
			baseConfigurationReference = 923EBD6FA733FF956FDFCB46 /* Pods-Daily.debug.xcconfig */;
			buildSettings = {
				ASSETCATALOG_COMPILER_APPICON_NAME = AppIcon;
				CODE_SIGN_STYLE = Automatic;
				DEVELOPMENT_TEAM = 63E33YXJG9;
				INFOPLIST_FILE = Daily/Info.plist;
				IPHONEOS_DEPLOYMENT_TARGET = 10.0;
				LD_RUNPATH_SEARCH_PATHS = "$(inherited) @executable_path/Frameworks";
				PRODUCT_BUNDLE_IDENTIFIER = xingshao.Daily;
				PRODUCT_NAME = "$(TARGET_NAME)";
				TARGETED_DEVICE_FAMILY = 1;
			};
			name = Debug;
		};
		F34A352621CD015A00CE8F64 /* Release */ = {
			isa = XCBuildConfiguration;
			baseConfigurationReference = 53153782C7C965C56A03BE1B /* Pods-Daily.release.xcconfig */;
			buildSettings = {
				ASSETCATALOG_COMPILER_APPICON_NAME = AppIcon;
				CODE_SIGN_STYLE = Automatic;
				DEVELOPMENT_TEAM = 63E33YXJG9;
				INFOPLIST_FILE = Daily/Info.plist;
				IPHONEOS_DEPLOYMENT_TARGET = 10.0;
				LD_RUNPATH_SEARCH_PATHS = "$(inherited) @executable_path/Frameworks";
				PRODUCT_BUNDLE_IDENTIFIER = xingshao.Daily;
				PRODUCT_NAME = "$(TARGET_NAME)";
				TARGETED_DEVICE_FAMILY = 1;
			};
			name = Release;
		};
		F34A352821CD015A00CE8F64 /* Debug */ = {
			isa = XCBuildConfiguration;
			baseConfigurationReference = 8C9B28A4A5AA8B4EB1EA7C37 /* Pods-DailyTests.debug.xcconfig */;
			buildSettings = {
				BUNDLE_LOADER = "$(TEST_HOST)";
				CODE_SIGN_STYLE = Automatic;
				DEVELOPMENT_TEAM = 63E33YXJG9;
				INFOPLIST_FILE = DailyTests/Info.plist;
				LD_RUNPATH_SEARCH_PATHS = "$(inherited) @executable_path/Frameworks @loader_path/Frameworks";
				PRODUCT_BUNDLE_IDENTIFIER = xingshao.DailyTests;
				PRODUCT_NAME = "$(TARGET_NAME)";
				TARGETED_DEVICE_FAMILY = "1,2";
				TEST_HOST = "$(BUILT_PRODUCTS_DIR)/Daily.app/Daily";
			};
			name = Debug;
		};
		F34A352921CD015A00CE8F64 /* Release */ = {
			isa = XCBuildConfiguration;
			baseConfigurationReference = 6C7D11336C62D9D1D1460740 /* Pods-DailyTests.release.xcconfig */;
			buildSettings = {
				BUNDLE_LOADER = "$(TEST_HOST)";
				CODE_SIGN_STYLE = Automatic;
				DEVELOPMENT_TEAM = 63E33YXJG9;
				INFOPLIST_FILE = DailyTests/Info.plist;
				LD_RUNPATH_SEARCH_PATHS = "$(inherited) @executable_path/Frameworks @loader_path/Frameworks";
				PRODUCT_BUNDLE_IDENTIFIER = xingshao.DailyTests;
				PRODUCT_NAME = "$(TARGET_NAME)";
				TARGETED_DEVICE_FAMILY = "1,2";
				TEST_HOST = "$(BUILT_PRODUCTS_DIR)/Daily.app/Daily";
			};
			name = Release;
		};
/* End XCBuildConfiguration section */

/* Begin XCConfigurationList section */
		F34A34FE21CD015800CE8F64 /* Build configuration list for PBXProject "Daily" */ = {
			isa = XCConfigurationList;
			buildConfigurations = (
				F34A352221CD015A00CE8F64 /* Debug */,
				F34A352321CD015A00CE8F64 /* Release */,
			);
			defaultConfigurationIsVisible = 0;
			defaultConfigurationName = Release;
		};
		F34A352421CD015A00CE8F64 /* Build configuration list for PBXNativeTarget "Daily" */ = {
			isa = XCConfigurationList;
			buildConfigurations = (
				F34A352521CD015A00CE8F64 /* Debug */,
				F34A352621CD015A00CE8F64 /* Release */,
			);
			defaultConfigurationIsVisible = 0;
			defaultConfigurationName = Release;
		};
		F34A352721CD015A00CE8F64 /* Build configuration list for PBXNativeTarget "DailyTests" */ = {
			isa = XCConfigurationList;
			buildConfigurations = (
				F34A352821CD015A00CE8F64 /* Debug */,
				F34A352921CD015A00CE8F64 /* Release */,
			);
			defaultConfigurationIsVisible = 0;
			defaultConfigurationName = Release;
		};
/* End XCConfigurationList section */
	};
	rootObject = F34A34FB21CD015800CE8F64 /* Project object */;
}
